// !$*UTF8*$!
{
	archiveVersion = 1;
	classes = {
	};
	objectVersion = 55;
	objects = {

/* Begin PBXBuildFile section */
		751ACFE527FDCE820015647E /* MapkitTestApp.swift in Sources */ = {isa = PBXBuildFile; fileRef = 751ACFE427FDCE820015647E /* MapkitTestApp.swift */; };
		751ACFE727FDCE820015647E /* ContentView.swift in Sources */ = {isa = PBXBuildFile; fileRef = 751ACFE627FDCE820015647E /* ContentView.swift */; };
		751ACFE927FDCE820015647E /* Assets.xcassets in Resources */ = {isa = PBXBuildFile; fileRef = 751ACFE827FDCE820015647E /* Assets.xcassets */; };
		751ACFEC27FDCE820015647E /* Preview Assets.xcassets in Resources */ = {isa = PBXBuildFile; fileRef = 751ACFEB27FDCE820015647E /* Preview Assets.xcassets */; };
		751ACFF327FDD04E0015647E /* MapKitView.swift in Sources */ = {isa = PBXBuildFile; fileRef = 751ACFF227FDD04E0015647E /* MapKitView.swift */; };
		751ACFF527FDD5010015647E /* MapkitTestView.swift in Sources */ = {isa = PBXBuildFile; fileRef = 751ACFF427FDD5010015647E /* MapkitTestView.swift */; };
		751ACFF727FEADC30015647E /* naverMapKitView.swift in Sources */ = {isa = PBXBuildFile; fileRef = 751ACFF627FEADC30015647E /* naverMapKitView.swift */; };
		D89D6FF848DFE92580F79783 /* Pods_MapkitTest.framework in Frameworks */ = {isa = PBXBuildFile; fileRef = 9BEBE2AB9EF850E00F2683CE /* Pods_MapkitTest.framework */; };
/* End PBXBuildFile section */

/* Begin PBXFileReference section */
		0AEB9BC100D4BAF3F8AB1FEF /* Pods-MapkitTest.release.xcconfig */ = {isa = PBXFileReference; includeInIndex = 1; lastKnownFileType = text.xcconfig; name = "Pods-MapkitTest.release.xcconfig"; path = "Target Support Files/Pods-MapkitTest/Pods-MapkitTest.release.xcconfig"; sourceTree = "<group>"; };
		5BDA14075075ED03CE9AE409 /* Pods-MapkitTest.debug.xcconfig */ = {isa = PBXFileReference; includeInIndex = 1; lastKnownFileType = text.xcconfig; name = "Pods-MapkitTest.debug.xcconfig"; path = "Target Support Files/Pods-MapkitTest/Pods-MapkitTest.debug.xcconfig"; sourceTree = "<group>"; };
		751ACFE127FDCE820015647E /* MapkitTest.app */ = {isa = PBXFileReference; explicitFileType = wrapper.application; includeInIndex = 0; path = MapkitTest.app; sourceTree = BUILT_PRODUCTS_DIR; };
		751ACFE427FDCE820015647E /* MapkitTestApp.swift */ = {isa = PBXFileReference; lastKnownFileType = sourcecode.swift; path = MapkitTestApp.swift; sourceTree = "<group>"; };
		751ACFE627FDCE820015647E /* ContentView.swift */ = {isa = PBXFileReference; lastKnownFileType = sourcecode.swift; path = ContentView.swift; sourceTree = "<group>"; };
		751ACFE827FDCE820015647E /* Assets.xcassets */ = {isa = PBXFileReference; lastKnownFileType = folder.assetcatalog; path = Assets.xcassets; sourceTree = "<group>"; };
		751ACFEB27FDCE820015647E /* Preview Assets.xcassets */ = {isa = PBXFileReference; lastKnownFileType = folder.assetcatalog; path = "Preview Assets.xcassets"; sourceTree = "<group>"; };
		751ACFF227FDD04E0015647E /* MapKitView.swift */ = {isa = PBXFileReference; lastKnownFileType = sourcecode.swift; path = MapKitView.swift; sourceTree = "<group>"; };
		751ACFF427FDD5010015647E /* MapkitTestView.swift */ = {isa = PBXFileReference; lastKnownFileType = sourcecode.swift; path = MapkitTestView.swift; sourceTree = "<group>"; };
		751ACFF627FEADC30015647E /* naverMapKitView.swift */ = {isa = PBXFileReference; lastKnownFileType = sourcecode.swift; path = naverMapKitView.swift; sourceTree = "<group>"; };
		751ACFF827FEB4040015647E /* Info.plist */ = {isa = PBXFileReference; lastKnownFileType = text.plist; path = Info.plist; sourceTree = "<group>"; };
		9BEBE2AB9EF850E00F2683CE /* Pods_MapkitTest.framework */ = {isa = PBXFileReference; explicitFileType = wrapper.framework; includeInIndex = 0; path = Pods_MapkitTest.framework; sourceTree = BUILT_PRODUCTS_DIR; };
/* End PBXFileReference section */

/* Begin PBXFrameworksBuildPhase section */
		751ACFDE27FDCE820015647E /* Frameworks */ = {
			isa = PBXFrameworksBuildPhase;
			buildActionMask = 2147483647;
			files = (
				D89D6FF848DFE92580F79783 /* Pods_MapkitTest.framework in Frameworks */,
			);
			runOnlyForDeploymentPostprocessing = 0;
		};
/* End PBXFrameworksBuildPhase section */

/* Begin PBXGroup section */
		37E6025AA903BB900693A050 /* Pods */ = {
			isa = PBXGroup;
			children = (
				5BDA14075075ED03CE9AE409 /* Pods-MapkitTest.debug.xcconfig */,
				0AEB9BC100D4BAF3F8AB1FEF /* Pods-MapkitTest.release.xcconfig */,
			);
			path = Pods;
			sourceTree = "<group>";
		};
		751ACFD827FDCE820015647E = {
			isa = PBXGroup;
			children = (
				751ACFE327FDCE820015647E /* MapkitTest */,
				751ACFE227FDCE820015647E /* Products */,
				37E6025AA903BB900693A050 /* Pods */,
				DA8374B39612D8411AFFD299 /* Frameworks */,
			);
			sourceTree = "<group>";
		};
		751ACFE227FDCE820015647E /* Products */ = {
			isa = PBXGroup;
			children = (
				751ACFE127FDCE820015647E /* MapkitTest.app */,
			);
			name = Products;
			sourceTree = "<group>";
		};
		751ACFE327FDCE820015647E /* MapkitTest */ = {
			isa = PBXGroup;
			children = (
				751ACFF827FEB4040015647E /* Info.plist */,
				751ACFE427FDCE820015647E /* MapkitTestApp.swift */,
				751ACFE627FDCE820015647E /* ContentView.swift */,
				751ACFF227FDD04E0015647E /* MapKitView.swift */,
				751ACFE827FDCE820015647E /* Assets.xcassets */,
				751ACFEA27FDCE820015647E /* Preview Content */,
				751ACFF427FDD5010015647E /* MapkitTestView.swift */,
				751ACFF627FEADC30015647E /* naverMapKitView.swift */,
			);
			path = MapkitTest;
			sourceTree = "<group>";
		};
		751ACFEA27FDCE820015647E /* Preview Content */ = {
			isa = PBXGroup;
			children = (
				751ACFEB27FDCE820015647E /* Preview Assets.xcassets */,
			);
			path = "Preview Content";
			sourceTree = "<group>";
		};
		DA8374B39612D8411AFFD299 /* Frameworks */ = {
			isa = PBXGroup;
			children = (
				9BEBE2AB9EF850E00F2683CE /* Pods_MapkitTest.framework */,
			);
			name = Frameworks;
			sourceTree = "<group>";
		};
/* End PBXGroup section */

/* Begin PBXNativeTarget section */
		751ACFE027FDCE820015647E /* MapkitTest */ = {
			isa = PBXNativeTarget;
			buildConfigurationList = 751ACFEF27FDCE820015647E /* Build configuration list for PBXNativeTarget "MapkitTest" */;
			buildPhases = (
				A87710633A3870A56CAE90E6 /* [CP] Check Pods Manifest.lock */,
				751ACFDD27FDCE820015647E /* Sources */,
				751ACFDE27FDCE820015647E /* Frameworks */,
				751ACFDF27FDCE820015647E /* Resources */,
				B721BC67E7F3756627375EF4 /* [CP] Embed Pods Frameworks */,
			);
			buildRules = (
			);
			dependencies = (
			);
			name = MapkitTest;
			productName = MapkitTest;
			productReference = 751ACFE127FDCE820015647E /* MapkitTest.app */;
			productType = "com.apple.product-type.application";
		};
/* End PBXNativeTarget section */

/* Begin PBXProject section */
		751ACFD927FDCE820015647E /* Project object */ = {
			isa = PBXProject;
			attributes = {
				BuildIndependentTargetsInParallel = 1;
				LastSwiftUpdateCheck = 1330;
				LastUpgradeCheck = 1330;
				TargetAttributes = {
					751ACFE027FDCE820015647E = {
						CreatedOnToolsVersion = 13.3;
					};
				};
			};
			buildConfigurationList = 751ACFDC27FDCE820015647E /* Build configuration list for PBXProject "MapkitTest" */;
			compatibilityVersion = "Xcode 13.0";
			developmentRegion = en;
			hasScannedForEncodings = 0;
			knownRegions = (
				en,
				Base,
			);
			mainGroup = 751ACFD827FDCE820015647E;
			productRefGroup = 751ACFE227FDCE820015647E /* Products */;
			projectDirPath = "";
			projectRoot = "";
			targets = (
				751ACFE027FDCE820015647E /* MapkitTest */,
			);
		};
/* End PBXProject section */

/* Begin PBXResourcesBuildPhase section */
		751ACFDF27FDCE820015647E /* Resources */ = {
			isa = PBXResourcesBuildPhase;
			buildActionMask = 2147483647;
			files = (
				751ACFEC27FDCE820015647E /* Preview Assets.xcassets in Resources */,
				751ACFE927FDCE820015647E /* Assets.xcassets in Resources */,
			);
			runOnlyForDeploymentPostprocessing = 0;
		};
/* End PBXResourcesBuildPhase section */

/* Begin PBXShellScriptBuildPhase section */
		A87710633A3870A56CAE90E6 /* [CP] Check Pods Manifest.lock */ = {
			isa = PBXShellScriptBuildPhase;
			buildActionMask = 2147483647;
			files = (
			);
			inputFileListPaths = (
			);
			inputPaths = (
				"${PODS_PODFILE_DIR_PATH}/Podfile.lock",
				"${PODS_ROOT}/Manifest.lock",
			);
			name = "[CP] Check Pods Manifest.lock";
			outputFileListPaths = (
			);
			outputPaths = (
				"$(DERIVED_FILE_DIR)/Pods-MapkitTest-checkManifestLockResult.txt",
			);
			runOnlyForDeploymentPostprocessing = 0;
			shellPath = /bin/sh;
			shellScript = "diff \"${PODS_PODFILE_DIR_PATH}/Podfile.lock\" \"${PODS_ROOT}/Manifest.lock\" > /dev/null\nif [ $? != 0 ] ; then\n    # print error to STDERR\n    echo \"error: The sandbox is not in sync with the Podfile.lock. Run 'pod install' or update your CocoaPods installation.\" >&2\n    exit 1\nfi\n# This output is used by Xcode 'outputs' to avoid re-running this script phase.\necho \"SUCCESS\" > \"${SCRIPT_OUTPUT_FILE_0}\"\n";
			showEnvVarsInLog = 0;
		};
		B721BC67E7F3756627375EF4 /* [CP] Embed Pods Frameworks */ = {
			isa = PBXShellScriptBuildPhase;
			buildActionMask = 2147483647;
			files = (
			);
			inputFileListPaths = (
				"${PODS_ROOT}/Target Support Files/Pods-MapkitTest/Pods-MapkitTest-frameworks-${CONFIGURATION}-input-files.xcfilelist",
			);
			name = "[CP] Embed Pods Frameworks";
			outputFileListPaths = (
				"${PODS_ROOT}/Target Support Files/Pods-MapkitTest/Pods-MapkitTest-frameworks-${CONFIGURATION}-output-files.xcfilelist",
			);
			runOnlyForDeploymentPostprocessing = 0;
			shellPath = /bin/sh;
			shellScript = "\"${PODS_ROOT}/Target Support Files/Pods-MapkitTest/Pods-MapkitTest-frameworks.sh\"\n";
			showEnvVarsInLog = 0;
		};
/* End PBXShellScriptBuildPhase section */

/* Begin PBXSourcesBuildPhase section */
		751ACFDD27FDCE820015647E /* Sources */ = {
			isa = PBXSourcesBuildPhase;
			buildActionMask = 2147483647;
			files = (
				751ACFF527FDD5010015647E /* MapkitTestView.swift in Sources */,
				751ACFF727FEADC30015647E /* naverMapKitView.swift in Sources */,
				751ACFF327FDD04E0015647E /* MapKitView.swift in Sources */,
				751ACFE727FDCE820015647E /* ContentView.swift in Sources */,
				751ACFE527FDCE820015647E /* MapkitTestApp.swift in Sources */,
			);
			runOnlyForDeploymentPostprocessing = 0;
		};
/* End PBXSourcesBuildPhase section */

/* Begin XCBuildConfiguration section */
		751ACFED27FDCE820015647E /* Debug */ = {
			isa = XCBuildConfiguration;
			buildSettings = {
				ALWAYS_SEARCH_USER_PATHS = NO;
				CLANG_ANALYZER_NONNULL = YES;
				CLANG_ANALYZER_NUMBER_OBJECT_CONVERSION = YES_AGGRESSIVE;
				CLANG_CXX_LANGUAGE_STANDARD = "gnu++17";
				CLANG_ENABLE_MODULES = YES;
				CLANG_ENABLE_OBJC_ARC = YES;
				CLANG_ENABLE_OBJC_WEAK = YES;
				CLANG_WARN_BLOCK_CAPTURE_AUTORELEASING = YES;
				CLANG_WARN_BOOL_CONVERSION = YES;
				CLANG_WARN_COMMA = YES;
				CLANG_WARN_CONSTANT_CONVERSION = YES;
				CLANG_WARN_DEPRECATED_OBJC_IMPLEMENTATIONS = YES;
				CLANG_WARN_DIRECT_OBJC_ISA_USAGE = YES_ERROR;
				CLANG_WARN_DOCUMENTATION_COMMENTS = YES;
				CLANG_WARN_EMPTY_BODY = YES;
				CLANG_WARN_ENUM_CONVERSION = YES;
				CLANG_WARN_INFINITE_RECURSION = YES;
				CLANG_WARN_INT_CONVERSION = YES;
				CLANG_WARN_NON_LITERAL_NULL_CONVERSION = YES;
				CLANG_WARN_OBJC_IMPLICIT_RETAIN_SELF = YES;
				CLANG_WARN_OBJC_LITERAL_CONVERSION = YES;
				CLANG_WARN_OBJC_ROOT_CLASS = YES_ERROR;
				CLANG_WARN_QUOTED_INCLUDE_IN_FRAMEWORK_HEADER = YES;
				CLANG_WARN_RANGE_LOOP_ANALYSIS = YES;
				CLANG_WARN_STRICT_PROTOTYPES = YES;
				CLANG_WARN_SUSPICIOUS_MOVE = YES;
				CLANG_WARN_UNGUARDED_AVAILABILITY = YES_AGGRESSIVE;
				CLANG_WARN_UNREACHABLE_CODE = YES;
				CLANG_WARN__DUPLICATE_METHOD_MATCH = YES;
				COPY_PHASE_STRIP = NO;
				DEBUG_INFORMATION_FORMAT = dwarf;
				ENABLE_STRICT_OBJC_MSGSEND = YES;
				ENABLE_TESTABILITY = YES;
				GCC_C_LANGUAGE_STANDARD = gnu11;
				GCC_DYNAMIC_NO_PIC = NO;
				GCC_NO_COMMON_BLOCKS = YES;
				GCC_OPTIMIZATION_LEVEL = 0;
				GCC_PREPROCESSOR_DEFINITIONS = (
					"DEBUG=1",
					"$(inherited)",
				);
				GCC_WARN_64_TO_32_BIT_CONVERSION = YES;
				GCC_WARN_ABOUT_RETURN_TYPE = YES_ERROR;
				GCC_WARN_UNDECLARED_SELECTOR = YES;
				GCC_WARN_UNINITIALIZED_AUTOS = YES_AGGRESSIVE;
				GCC_WARN_UNUSED_FUNCTION = YES;
				GCC_WARN_UNUSED_VARIABLE = YES;
				IPHONEOS_DEPLOYMENT_TARGET = 15.4;
				MTL_ENABLE_DEBUG_INFO = INCLUDE_SOURCE;
				MTL_FAST_MATH = YES;
				ONLY_ACTIVE_ARCH = YES;
				SDKROOT = iphoneos;
				SWIFT_ACTIVE_COMPILATION_CONDITIONS = DEBUG;
				SWIFT_OPTIMIZATION_LEVEL = "-Onone";
			};
			name = Debug;
		};
		751ACFEE27FDCE820015647E /* Release */ = {
			isa = XCBuildConfiguration;
			buildSettings = {
				ALWAYS_SEARCH_USER_PATHS = NO;
				CLANG_ANALYZER_NONNULL = YES;
				CLANG_ANALYZER_NUMBER_OBJECT_CONVERSION = YES_AGGRESSIVE;
				CLANG_CXX_LANGUAGE_STANDARD = "gnu++17";
				CLANG_ENABLE_MODULES = YES;
				CLANG_ENABLE_OBJC_ARC = YES;
				CLANG_ENABLE_OBJC_WEAK = YES;
				CLANG_WARN_BLOCK_CAPTURE_AUTORELEASING = YES;
				CLANG_WARN_BOOL_CONVERSION = YES;
				CLANG_WARN_COMMA = YES;
				CLANG_WARN_CONSTANT_CONVERSION = YES;
				CLANG_WARN_DEPRECATED_OBJC_IMPLEMENTATIONS = YES;
				CLANG_WARN_DIRECT_OBJC_ISA_USAGE = YES_ERROR;
				CLANG_WARN_DOCUMENTATION_COMMENTS = YES;
				CLANG_WARN_EMPTY_BODY = YES;
				CLANG_WARN_ENUM_CONVERSION = YES;
				CLANG_WARN_INFINITE_RECURSION = YES;
				CLANG_WARN_INT_CONVERSION = YES;
				CLANG_WARN_NON_LITERAL_NULL_CONVERSION = YES;
				CLANG_WARN_OBJC_IMPLICIT_RETAIN_SELF = YES;
				CLANG_WARN_OBJC_LITERAL_CONVERSION = YES;
				CLANG_WARN_OBJC_ROOT_CLASS = YES_ERROR;
				CLANG_WARN_QUOTED_INCLUDE_IN_FRAMEWORK_HEADER = YES;
				CLANG_WARN_RANGE_LOOP_ANALYSIS = YES;
				CLANG_WARN_STRICT_PROTOTYPES = YES;
				CLANG_WARN_SUSPICIOUS_MOVE = YES;
				CLANG_WARN_UNGUARDED_AVAILABILITY = YES_AGGRESSIVE;
				CLANG_WARN_UNREACHABLE_CODE = YES;
				CLANG_WARN__DUPLICATE_METHOD_MATCH = YES;
				COPY_PHASE_STRIP = NO;
				DEBUG_INFORMATION_FORMAT = "dwarf-with-dsym";
				ENABLE_NS_ASSERTIONS = NO;
				ENABLE_STRICT_OBJC_MSGSEND = YES;
				GCC_C_LANGUAGE_STANDARD = gnu11;
				GCC_NO_COMMON_BLOCKS = YES;
				GCC_WARN_64_TO_32_BIT_CONVERSION = YES;
				GCC_WARN_ABOUT_RETURN_TYPE = YES_ERROR;
				GCC_WARN_UNDECLARED_SELECTOR = YES;
				GCC_WARN_UNINITIALIZED_AUTOS = YES_AGGRESSIVE;
				GCC_WARN_UNUSED_FUNCTION = YES;
				GCC_WARN_UNUSED_VARIABLE = YES;
				IPHONEOS_DEPLOYMENT_TARGET = 15.4;
				MTL_ENABLE_DEBUG_INFO = NO;
				MTL_FAST_MATH = YES;
				SDKROOT = iphoneos;
				SWIFT_COMPILATION_MODE = wholemodule;
				SWIFT_OPTIMIZATION_LEVEL = "-O";
				VALIDATE_PRODUCT = YES;
			};
			name = Release;
		};
		751ACFF027FDCE820015647E /* Debug */ = {
			isa = XCBuildConfiguration;
			baseConfigurationReference = 5BDA14075075ED03CE9AE409 /* Pods-MapkitTest.debug.xcconfig */;
			buildSettings = {
				ASSETCATALOG_COMPILER_APPICON_NAME = AppIcon;
				ASSETCATALOG_COMPILER_GLOBAL_ACCENT_COLOR_NAME = AccentColor;
				CODE_SIGN_STYLE = Automatic;
				CURRENT_PROJECT_VERSION = 1;
				DEVELOPMENT_ASSET_PATHS = "\"MapkitTest/Preview Content\"";
				DEVELOPMENT_TEAM = 7N2TRX73U6;
				ENABLE_PREVIEWS = YES;
				GENERATE_INFOPLIST_FILE = YES;
				INFOPLIST_FILE = MapkitTest/Info.plist;
				INFOPLIST_KEY_NSLocationWhenInUseUsageDescription = "네이버가 접근하도록 허용하겠습니까?";
				INFOPLIST_KEY_UIApplicationSceneManifest_Generation = YES;
				INFOPLIST_KEY_UIApplicationSupportsIndirectInputEvents = YES;
				INFOPLIST_KEY_UILaunchScreen_Generation = YES;
				INFOPLIST_KEY_UISupportedInterfaceOrientations_iPad = "UIInterfaceOrientationPortrait UIInterfaceOrientationPortraitUpsideDown UIInterfaceOrientationLandscapeLeft UIInterfaceOrientationLandscapeRight";
				INFOPLIST_KEY_UISupportedInterfaceOrientations_iPhone = "UIInterfaceOrientationPortrait UIInterfaceOrientationLandscapeLeft UIInterfaceOrientationLandscapeRight";
				LD_RUNPATH_SEARCH_PATHS = (
					"$(inherited)",
					"@executable_path/Frameworks",
				);
				MARKETING_VERSION = 1.0;
				PRODUCT_BUNDLE_IDENTIFIER = com.calmkeen.MapkitTest;
				PRODUCT_NAME = "$(TARGET_NAME)";
				SWIFT_EMIT_LOC_STRINGS = YES;
				SWIFT_VERSION = 5.0;
				TARGETED_DEVICE_FAMILY = "1,2";
			};
			name = Debug;
		};
		751ACFF127FDCE820015647E /* Release */ = {
			isa = XCBuildConfiguration;
			baseConfigurationReference = 0AEB9BC100D4BAF3F8AB1FEF /* Pods-MapkitTest.release.xcconfig */;
			buildSettings = {
				ASSETCATALOG_COMPILER_APPICON_NAME = AppIcon;
				ASSETCATALOG_COMPILER_GLOBAL_ACCENT_COLOR_NAME = AccentColor;
				CODE_SIGN_STYLE = Automatic;
				CURRENT_PROJECT_VERSION = 1;
				DEVELOPMENT_ASSET_PATHS = "\"MapkitTest/Preview Content\"";
				DEVELOPMENT_TEAM = 7N2TRX73U6;
				ENABLE_PREVIEWS = YES;
				GENERATE_INFOPLIST_FILE = YES;
				INFOPLIST_FILE = MapkitTest/Info.plist;
				INFOPLIST_KEY_NSLocationWhenInUseUsageDescription = "네이버가 접근하도록 허용하겠습니까?";
				INFOPLIST_KEY_UIApplicationSceneManifest_Generation = YES;
				INFOPLIST_KEY_UIApplicationSupportsIndirectInputEvents = YES;
				INFOPLIST_KEY_UILaunchScreen_Generation = YES;
				INFOPLIST_KEY_UISupportedInterfaceOrientations_iPad = "UIInterfaceOrientationPortrait UIInterfaceOrientationPortraitUpsideDown UIInterfaceOrientationLandscapeLeft UIInterfaceOrientationLandscapeRight";
				INFOPLIST_KEY_UISupportedInterfaceOrientations_iPhone = "UIInterfaceOrientationPortrait UIInterfaceOrientationLandscapeLeft UIInterfaceOrientationLandscapeRight";
				LD_RUNPATH_SEARCH_PATHS = (
					"$(inherited)",
					"@executable_path/Frameworks",
				);
				MARKETING_VERSION = 1.0;
				PRODUCT_BUNDLE_IDENTIFIER = com.calmkeen.MapkitTest;
				PRODUCT_NAME = "$(TARGET_NAME)";
				SWIFT_EMIT_LOC_STRINGS = YES;
				SWIFT_VERSION = 5.0;
				TARGETED_DEVICE_FAMILY = "1,2";
			};
			name = Release;
		};
/* End XCBuildConfiguration section */

/* Begin XCConfigurationList section */
		751ACFDC27FDCE820015647E /* Build configuration list for PBXProject "MapkitTest" */ = {
			isa = XCConfigurationList;
			buildConfigurations = (
				751ACFED27FDCE820015647E /* Debug */,
				751ACFEE27FDCE820015647E /* Release */,
			);
			defaultConfigurationIsVisible = 0;
			defaultConfigurationName = Release;
		};
		751ACFEF27FDCE820015647E /* Build configuration list for PBXNativeTarget "MapkitTest" */ = {
			isa = XCConfigurationList;
			buildConfigurations = (
				751ACFF027FDCE820015647E /* Debug */,
				751ACFF127FDCE820015647E /* Release */,
			);
			defaultConfigurationIsVisible = 0;
			defaultConfigurationName = Release;
		};
/* End XCConfigurationList section */
	};
	rootObject = 751ACFD927FDCE820015647E /* Project object */;
}
